
Microsoft Visual Studio Solution File, Format Version 12.00
# Visual Studio Version 16
VisualStudioVersion = 16.0.29123.88
MinimumVisualStudioVersion = 10.0.40219.1
Project("{9A19103F-16F7-4668-BE54-9A1E7A4F7556}") = "ItemControl", "ItemControl.csproj", "{0E886B3F-3C2A-4665-80D4-F44DBEAB4EE6}"
EndProject
Global
	GlobalSection(SolutionConfigurationPlatforms) = preSolution
		Debug|Any CPU = Debug|Any CPU
		Release|Any CPU = Release|Any CPU
	EndGlobalSection
	GlobalSection(ProjectConfigurationPlatforms) = postSolution
		{0E886B3F-3C2A-4665-80D4-F44DBEAB4EE6}.Debug|Any CPU.ActiveCfg = Debug|Any CPU
		{0E886B3F-3C2A-4665-80D4-F44DBEAB4EE6}.Debug|Any CPU.Build.0 = Debug|Any CPU
		{0E886B3F-3C2A-4665-80D4-F44DBEAB4EE6}.Release|Any CPU.ActiveCfg = Release|Any CPU
		{0E886B3F-3C2A-4665-80D4-F44DBEAB4EE6}.Release|Any CPU.Build.0 = Release|Any CPU
	EndGlobalSection
	GlobalSection(SolutionProperties) = preSolution
		HideSolutionNode = FALSE
	EndGlobalSection
	GlobalSection(ExtensibilityGlobals) = postSolution
		SolutionGuid = {8229EE05-96D3-4F56-BB75-41C39AB68CED}
	EndGlobalSection
EndGlobal
